
Microsoft Visual Studio Solution File, Format Version 12.00
# Visual Studio Version 16
VisualStudioVersion = 16.0.30907.101
MinimumVisualStudioVersion = 10.0.40219.1
Project("{FAE04EC0-301F-11D3-BF4B-00C04F79EFBC}") = "SGReader", "SGReader\SGReader.csproj", "{F88ED3DC-254E-4757-9EBC-EBF2D131DCCE}"
EndProject
Project("{FAE04EC0-301F-11D3-BF4B-00C04F79EFBC}") = "SGReader.Core", "SGReader.Core\SGReader.Core.csproj", "{9C3119D5-E797-479C-A04F-0387EFA43FD7}"
EndProject
Global
	GlobalSection(SolutionConfigurationPlatforms) = preSolution
		Debug|Any CPU = Debug|Any CPU
		Release|Any CPU = Release|Any CPU
	EndGlobalSection
	GlobalSection(ProjectConfigurationPlatforms) = postSolution
		{F88ED3DC-254E-4757-9EBC-EBF2D131DCCE}.Debug|Any CPU.ActiveCfg = Debug|Any CPU
		{F88ED3DC-254E-4757-9EBC-EBF2D131DCCE}.Debug|Any CPU.Build.0 = Debug|Any CPU
		{F88ED3DC-254E-4757-9EBC-EBF2D131DCCE}.Release|Any CPU.ActiveCfg = Release|Any CPU
		{F88ED3DC-254E-4757-9EBC-EBF2D131DCCE}.Release|Any CPU.Build.0 = Release|Any CPU
		{9C3119D5-E797-479C-A04F-0387EFA43FD7}.Debug|Any CPU.ActiveCfg = Debug|Any CPU
		{9C3119D5-E797-479C-A04F-0387EFA43FD7}.Debug|Any CPU.Build.0 = Debug|Any CPU
		{9C3119D5-E797-479C-A04F-0387EFA43FD7}.Release|Any CPU.ActiveCfg = Release|Any CPU
		{9C3119D5-E797-479C-A04F-0387EFA43FD7}.Release|Any CPU.Build.0 = Release|Any CPU
	EndGlobalSection
	GlobalSection(SolutionProperties) = preSolution
		HideSolutionNode = FALSE
	EndGlobalSection
	GlobalSection(ExtensibilityGlobals) = postSolution
		SolutionGuid = {41D0168C-9BC6-43F9-ADF6-6236104457A9}
	EndGlobalSection
EndGlobal
